
Microsoft Visual Studio Solution File, Format Version 12.00
# Visual Studio 15
VisualStudioVersion = 15.0.27130.2024
MinimumVisualStudioVersion = 10.0.40219.1
Project("{9A19103F-16F7-4668-BE54-9A1E7A4F7556}") = "iShop.Web", "iShop.Web\iShop.Web.csproj", "{021E6EE0-879E-4D93-AF98-1C597A0852D0}"
EndProject
Project("{9A19103F-16F7-4668-BE54-9A1E7A4F7556}") = "iShop.Tests", "iShop.Tests\iShop.Tests.csproj", "{D771FC53-5C99-4B85-A430-341BD84D7738}"
EndProject
Project("{2150E333-8FDC-42A3-9474-1A3956D46DE8}") = "src", "src", "{4CB7F52E-C723-4B2C-AE46-603D14D9BD55}"
EndProject
Project("{9A19103F-16F7-4668-BE54-9A1E7A4F7556}") = "iShop.Core", "iShop.Core\iShop.Core.csproj", "{F31E3AB3-E7D5-4726-85E4-E3B917CCB435}"
EndProject
Project("{9A19103F-16F7-4668-BE54-9A1E7A4F7556}") = "iShop.Infrastructure", "iShop.Infrastructure\iShop.Infrastructure.csproj", "{09068766-FDFF-4589-8E9E-38767DD4D7E7}"
EndProject
Project("{9A19103F-16F7-4668-BE54-9A1E7A4F7556}") = "iShop.Common", "iShop.Common\iShop.Common.csproj", "{D96E958A-FB14-4229-B490-C7294AB96923}"
EndProject
Global
	GlobalSection(SolutionConfigurationPlatforms) = preSolution
		Debug|Any CPU = Debug|Any CPU
		Release|Any CPU = Release|Any CPU
	EndGlobalSection
	GlobalSection(ProjectConfigurationPlatforms) = postSolution
		{021E6EE0-879E-4D93-AF98-1C597A0852D0}.Debug|Any CPU.ActiveCfg = Debug|Any CPU
		{021E6EE0-879E-4D93-AF98-1C597A0852D0}.Debug|Any CPU.Build.0 = Debug|Any CPU
		{021E6EE0-879E-4D93-AF98-1C597A0852D0}.Release|Any CPU.ActiveCfg = Release|Any CPU
		{021E6EE0-879E-4D93-AF98-1C597A0852D0}.Release|Any CPU.Build.0 = Release|Any CPU
		{D771FC53-5C99-4B85-A430-341BD84D7738}.Debug|Any CPU.ActiveCfg = Debug|Any CPU
		{D771FC53-5C99-4B85-A430-341BD84D7738}.Debug|Any CPU.Build.0 = Debug|Any CPU
		{D771FC53-5C99-4B85-A430-341BD84D7738}.Release|Any CPU.ActiveCfg = Release|Any CPU
		{D771FC53-5C99-4B85-A430-341BD84D7738}.Release|Any CPU.Build.0 = Release|Any CPU
		{F31E3AB3-E7D5-4726-85E4-E3B917CCB435}.Debug|Any CPU.ActiveCfg = Debug|Any CPU
		{F31E3AB3-E7D5-4726-85E4-E3B917CCB435}.Debug|Any CPU.Build.0 = Debug|Any CPU
		{F31E3AB3-E7D5-4726-85E4-E3B917CCB435}.Release|Any CPU.ActiveCfg = Release|Any CPU
		{F31E3AB3-E7D5-4726-85E4-E3B917CCB435}.Release|Any CPU.Build.0 = Release|Any CPU
		{09068766-FDFF-4589-8E9E-38767DD4D7E7}.Debug|Any CPU.ActiveCfg = Debug|Any CPU
		{09068766-FDFF-4589-8E9E-38767DD4D7E7}.Debug|Any CPU.Build.0 = Debug|Any CPU
		{09068766-FDFF-4589-8E9E-38767DD4D7E7}.Release|Any CPU.ActiveCfg = Release|Any CPU
		{09068766-FDFF-4589-8E9E-38767DD4D7E7}.Release|Any CPU.Build.0 = Release|Any CPU
		{D96E958A-FB14-4229-B490-C7294AB96923}.Debug|Any CPU.ActiveCfg = Debug|Any CPU
		{D96E958A-FB14-4229-B490-C7294AB96923}.Debug|Any CPU.Build.0 = Debug|Any CPU
		{D96E958A-FB14-4229-B490-C7294AB96923}.Release|Any CPU.ActiveCfg = Release|Any CPU
		{D96E958A-FB14-4229-B490-C7294AB96923}.Release|Any CPU.Build.0 = Release|Any CPU
	EndGlobalSection
	GlobalSection(SolutionProperties) = preSolution
		HideSolutionNode = FALSE
	EndGlobalSection
	GlobalSection(NestedProjects) = preSolution
		{021E6EE0-879E-4D93-AF98-1C597A0852D0} = {4CB7F52E-C723-4B2C-AE46-603D14D9BD55}
		{D771FC53-5C99-4B85-A430-341BD84D7738} = {4CB7F52E-C723-4B2C-AE46-603D14D9BD55}
		{F31E3AB3-E7D5-4726-85E4-E3B917CCB435} = {4CB7F52E-C723-4B2C-AE46-603D14D9BD55}
		{09068766-FDFF-4589-8E9E-38767DD4D7E7} = {4CB7F52E-C723-4B2C-AE46-603D14D9BD55}
		{D96E958A-FB14-4229-B490-C7294AB96923} = {4CB7F52E-C723-4B2C-AE46-603D14D9BD55}
	EndGlobalSection
	GlobalSection(ExtensibilityGlobals) = postSolution
		SolutionGuid = {0FACFDB3-14FA-4387-A690-21E0898E384B}
	EndGlobalSection
EndGlobal
